Microsoft Visual Studio Solution File, Format Version 12.00
# Visual Studio Version 17
VisualStudioVersion = 17.5.2.0
MinimumVisualStudioVersion = 10.0.40219.1
Project("{FAE04EC0-301F-11D3-BF4B-00C04F79EFBC}") = "Leave_Management", "Leave_Management.csproj", "{C376248F-0FDB-BDA7-6CBC-10F1C3C3E759}"
EndProject
Global
	GlobalSection(SolutionConfigurationPlatforms) = preSolution
		Debug|Any CPU = Debug|Any CPU
		Release|Any CPU = Release|Any CPU
	EndGlobalSection
	GlobalSection(ProjectConfigurationPlatforms) = postSolution
		{C376248F-0FDB-BDA7-6CBC-10F1C3C3E759}.Debug|Any CPU.ActiveCfg = Debug|Any CPU
		{C376248F-0FDB-BDA7-6CBC-10F1C3C3E759}.Debug|Any CPU.Build.0 = Debug|Any CPU
		{C376248F-0FDB-BDA7-6CBC-10F1C3C3E759}.Release|Any CPU.ActiveCfg = Release|Any CPU
		{C376248F-0FDB-BDA7-6CBC-10F1C3C3E759}.Release|Any CPU.Build.0 = Release|Any CPU
	EndGlobalSection
	GlobalSection(SolutionProperties) = preSolution
		HideSolutionNode = FALSE
	EndGlobalSection
	GlobalSection(ExtensibilityGlobals) = postSolution
		SolutionGuid = {A5009746-D2C2-430F-8D9E-A99108FFF5B7}
	EndGlobalSection
EndGlobal
